// !$*UTF8*$!
{
	archiveVersion = 1;
	classes = {
	};
	objectVersion = 46;
	objects = {

/* Begin PBXBuildFile section */
		6D0F687139BEC4E9669F0C93 /* Pods_MagicalRecord_basic.framework in Frameworks */ = {isa = PBXBuildFile; fileRef = 1B005012258BBF138826EFF8 /* Pods_MagicalRecord_basic.framework */; };
		FB19A95D1E8B925E00EED21E /* main.m in Sources */ = {isa = PBXBuildFile; fileRef = FB19A95C1E8B925E00EED21E /* main.m */; };
		FB19A9601E8B925F00EED21E /* AppDelegate.m in Sources */ = {isa = PBXBuildFile; fileRef = FB19A95F1E8B925F00EED21E /* AppDelegate.m */; };
		FB19A9631E8B925F00EED21E /* ViewController.m in Sources */ = {isa = PBXBuildFile; fileRef = FB19A9621E8B925F00EED21E /* ViewController.m */; };
		FB19A9661E8B925F00EED21E /* Main.storyboard in Resources */ = {isa = PBXBuildFile; fileRef = FB19A9641E8B925F00EED21E /* Main.storyboard */; };
		FB19A9681E8B925F00EED21E /* Assets.xcassets in Resources */ = {isa = PBXBuildFile; fileRef = FB19A9671E8B925F00EED21E /* Assets.xcassets */; };
		FB19A96B1E8B925F00EED21E /* LaunchScreen.storyboard in Resources */ = {isa = PBXBuildFile; fileRef = FB19A9691E8B925F00EED21E /* LaunchScreen.storyboard */; };
		FB19A9731E8B92DF00EED21E /* CoreData.framework in Frameworks */ = {isa = PBXBuildFile; fileRef = FB19A9721E8B92DF00EED21E /* CoreData.framework */; };
		FB19A9761E8B932000EED21E /* Model.xcdatamodeld in Sources */ = {isa = PBXBuildFile; fileRef = FB19A9741E8B932000EED21E /* Model.xcdatamodeld */; };
/* End PBXBuildFile section */

/* Begin PBXFileReference section */
		1B005012258BBF138826EFF8 /* Pods_MagicalRecord_basic.framework */ = {isa = PBXFileReference; explicitFileType = wrapper.framework; includeInIndex = 0; path = Pods_MagicalRecord_basic.framework; sourceTree = BUILT_PRODUCTS_DIR; };
		310AC1EFDD90E55346960343 /* Pods-MagicalRecord_basic.release.xcconfig */ = {isa = PBXFileReference; includeInIndex = 1; lastKnownFileType = text.xcconfig; name = "Pods-MagicalRecord_basic.release.xcconfig"; path = "Pods/Target Support Files/Pods-MagicalRecord_basic/Pods-MagicalRecord_basic.release.xcconfig"; sourceTree = "<group>"; };
		45A39A8F1D03BB2759463C73 /* Pods-MagicalRecord_basic.debug.xcconfig */ = {isa = PBXFileReference; includeInIndex = 1; lastKnownFileType = text.xcconfig; name = "Pods-MagicalRecord_basic.debug.xcconfig"; path = "Pods/Target Support Files/Pods-MagicalRecord_basic/Pods-MagicalRecord_basic.debug.xcconfig"; sourceTree = "<group>"; };
		FB19A9581E8B925E00EED21E /* MagicalRecord_basic.app */ = {isa = PBXFileReference; explicitFileType = wrapper.application; includeInIndex = 0; path = MagicalRecord_basic.app; sourceTree = BUILT_PRODUCTS_DIR; };
		FB19A95C1E8B925E00EED21E /* main.m */ = {isa = PBXFileReference; lastKnownFileType = sourcecode.c.objc; path = main.m; sourceTree = "<group>"; };
		FB19A95E1E8B925E00EED21E /* AppDelegate.h */ = {isa = PBXFileReference; lastKnownFileType = sourcecode.c.h; path = AppDelegate.h; sourceTree = "<group>"; };
		FB19A95F1E8B925F00EED21E /* AppDelegate.m */ = {isa = PBXFileReference; lastKnownFileType = sourcecode.c.objc; path = AppDelegate.m; sourceTree = "<group>"; };
		FB19A9611E8B925F00EED21E /* ViewController.h */ = {isa = PBXFileReference; lastKnownFileType = sourcecode.c.h; path = ViewController.h; sourceTree = "<group>"; };
		FB19A9621E8B925F00EED21E /* ViewController.m */ = {isa = PBXFileReference; lastKnownFileType = sourcecode.c.objc; path = ViewController.m; sourceTree = "<group>"; };
		FB19A9651E8B925F00EED21E /* Base */ = {isa = PBXFileReference; lastKnownFileType = file.storyboard; name = Base; path = Base.lproj/Main.storyboard; sourceTree = "<group>"; };
		FB19A9671E8B925F00EED21E /* Assets.xcassets */ = {isa = PBXFileReference; lastKnownFileType = folder.assetcatalog; path = Assets.xcassets; sourceTree = "<group>"; };
		FB19A96A1E8B925F00EED21E /* Base */ = {isa = PBXFileReference; lastKnownFileType = file.storyboard; name = Base; path = Base.lproj/LaunchScreen.storyboard; sourceTree = "<group>"; };
		FB19A96C1E8B925F00EED21E /* Info.plist */ = {isa = PBXFileReference; lastKnownFileType = text.plist.xml; path = Info.plist; sourceTree = "<group>"; };
		FB19A9721E8B92DF00EED21E /* CoreData.framework */ = {isa = PBXFileReference; lastKnownFileType = wrapper.framework; name = CoreData.framework; path = System/Library/Frameworks/CoreData.framework; sourceTree = SDKROOT; };
		FB19A9751E8B932000EED21E /* Model.xcdatamodel */ = {isa = PBXFileReference; explicitFileType = wrapper.xcdatamodel; path = Model.xcdatamodel; sourceTree = "<group>"; };
/* End PBXFileReference section */

/* Begin PBXFrameworksBuildPhase section */
		FB19A9551E8B925E00EED21E /* Frameworks */ = {
			isa = PBXFrameworksBuildPhase;
			buildActionMask = 2147483647;
			files = (
				FB19A9731E8B92DF00EED21E /* CoreData.framework in Frameworks */,
				6D0F687139BEC4E9669F0C93 /* Pods_MagicalRecord_basic.framework in Frameworks */,
			);
			runOnlyForDeploymentPostprocessing = 0;
		};
/* End PBXFrameworksBuildPhase section */

/* Begin PBXGroup section */
		93A8528B5521109B2B21B680 /* Frameworks */ = {
			isa = PBXGroup;
			children = (
				FB19A9721E8B92DF00EED21E /* CoreData.framework */,
				1B005012258BBF138826EFF8 /* Pods_MagicalRecord_basic.framework */,
			);
			name = Frameworks;
			sourceTree = "<group>";
		};
		C910BAA9A7F554EF3CE470A2 /* Pods */ = {
			isa = PBXGroup;
			children = (
				45A39A8F1D03BB2759463C73 /* Pods-MagicalRecord_basic.debug.xcconfig */,
				310AC1EFDD90E55346960343 /* Pods-MagicalRecord_basic.release.xcconfig */,
			);
			name = Pods;
			sourceTree = "<group>";
		};
		FB19A94F1E8B925E00EED21E = {
			isa = PBXGroup;
			children = (
				FB19A95A1E8B925E00EED21E /* MagicalRecord_basic */,
				FB19A9591E8B925E00EED21E /* Products */,
				C910BAA9A7F554EF3CE470A2 /* Pods */,
				93A8528B5521109B2B21B680 /* Frameworks */,
			);
			sourceTree = "<group>";
		};
		FB19A9591E8B925E00EED21E /* Products */ = {
			isa = PBXGroup;
			children = (
				FB19A9581E8B925E00EED21E /* MagicalRecord_basic.app */,
			);
			name = Products;
			sourceTree = "<group>";
		};
		FB19A95A1E8B925E00EED21E /* MagicalRecord_basic */ = {
			isa = PBXGroup;
			children = (
				FB19A95E1E8B925E00EED21E /* AppDelegate.h */,
				FB19A95F1E8B925F00EED21E /* AppDelegate.m */,
				FB19A9611E8B925F00EED21E /* ViewController.h */,
				FB19A9621E8B925F00EED21E /* ViewController.m */,
				FB19A9741E8B932000EED21E /* Model.xcdatamodeld */,
				FB19A9641E8B925F00EED21E /* Main.storyboard */,
				FB19A9671E8B925F00EED21E /* Assets.xcassets */,
				FB19A9691E8B925F00EED21E /* LaunchScreen.storyboard */,
				FB19A96C1E8B925F00EED21E /* Info.plist */,
				FB19A95B1E8B925E00EED21E /* Supporting Files */,
			);
			path = MagicalRecord_basic;
			sourceTree = "<group>";
		};
		FB19A95B1E8B925E00EED21E /* Supporting Files */ = {
			isa = PBXGroup;
			children = (
				FB19A95C1E8B925E00EED21E /* main.m */,
			);
			name = "Supporting Files";
			sourceTree = "<group>";
		};
/* End PBXGroup section */

/* Begin PBXNativeTarget section */
		FB19A9571E8B925E00EED21E /* MagicalRecord_basic */ = {
			isa = PBXNativeTarget;
			buildConfigurationList = FB19A96F1E8B925F00EED21E /* Build configuration list for PBXNativeTarget "MagicalRecord_basic" */;
			buildPhases = (
				ED73F99D8EF93FFEE344ADC5 /* [CP] Check Pods Manifest.lock */,
				FB19A9541E8B925E00EED21E /* Sources */,
				FB19A9551E8B925E00EED21E /* Frameworks */,
				FB19A9561E8B925E00EED21E /* Resources */,
				13E0D124D505852AF72FBCF0 /* [CP] Embed Pods Frameworks */,
				44EF0374DD4771F1C24DA47D /* [CP] Copy Pods Resources */,
			);
			buildRules = (
			);
			dependencies = (
			);
			name = MagicalRecord_basic;
			productName = MagicalRecord_basic;
			productReference = FB19A9581E8B925E00EED21E /* MagicalRecord_basic.app */;
			productType = "com.apple.product-type.application";
		};
/* End PBXNativeTarget section */

/* Begin PBXProject section */
		FB19A9501E8B925E00EED21E /* Project object */ = {
			isa = PBXProject;
			attributes = {
				LastUpgradeCheck = 0820;
				ORGANIZATIONNAME = Donlinks;
				TargetAttributes = {
					FB19A9571E8B925E00EED21E = {
						CreatedOnToolsVersion = 8.2.1;
						DevelopmentTeam = DM7XAFH5UF;
						ProvisioningStyle = Automatic;
					};
				};
			};
			buildConfigurationList = FB19A9531E8B925E00EED21E /* Build configuration list for PBXProject "MagicalRecord_basic" */;
			compatibilityVersion = "Xcode 3.2";
			developmentRegion = English;
			hasScannedForEncodings = 0;
			knownRegions = (
				en,
				Base,
			);
			mainGroup = FB19A94F1E8B925E00EED21E;
			productRefGroup = FB19A9591E8B925E00EED21E /* Products */;
			projectDirPath = "";
			projectRoot = "";
			targets = (
				FB19A9571E8B925E00EED21E /* MagicalRecord_basic */,
			);
		};
/* End PBXProject section */

/* Begin PBXResourcesBuildPhase section */
		FB19A9561E8B925E00EED21E /* Resources */ = {
			isa = PBXResourcesBuildPhase;
			buildActionMask = 2147483647;
			files = (
				FB19A96B1E8B925F00EED21E /* LaunchScreen.storyboard in Resources */,
				FB19A9681E8B925F00EED21E /* Assets.xcassets in Resources */,
				FB19A9661E8B925F00EED21E /* Main.storyboard in Resources */,
			);
			runOnlyForDeploymentPostprocessing = 0;
		};
/* End PBXResourcesBuildPhase section */

/* Begin PBXShellScriptBuildPhase section */
		13E0D124D505852AF72FBCF0 /* [CP] Embed Pods Frameworks */ = {
			isa = PBXShellScriptBuildPhase;
			buildActionMask = 2147483647;
			files = (
			);
			inputPaths = (
			);
			name = "[CP] Embed Pods Frameworks";
			outputPaths = (
			);
			runOnlyForDeploymentPostprocessing = 0;
			shellPath = /bin/sh;
			shellScript = "\"${SRCROOT}/Pods/Target Support Files/Pods-MagicalRecord_basic/Pods-MagicalRecord_basic-frameworks.sh\"\n";
			showEnvVarsInLog = 0;
		};
		44EF0374DD4771F1C24DA47D /* [CP] Copy Pods Resources */ = {
			isa = PBXShellScriptBuildPhase;
			buildActionMask = 2147483647;
			files = (
			);
			inputPaths = (
			);
			name = "[CP] Copy Pods Resources";
			outputPaths = (
			);
			runOnlyForDeploymentPostprocessing = 0;
			shellPath = /bin/sh;
			shellScript = "\"${SRCROOT}/Pods/Target Support Files/Pods-MagicalRecord_basic/Pods-MagicalRecord_basic-resources.sh\"\n";
			showEnvVarsInLog = 0;
		};
		ED73F99D8EF93FFEE344ADC5 /* [CP] Check Pods Manifest.lock */ = {
			isa = PBXShellScriptBuildPhase;
			buildActionMask = 2147483647;
			files = (
			);
			inputPaths = (
			);
			name = "[CP] Check Pods Manifest.lock";
			outputPaths = (
			);
			runOnlyForDeploymentPostprocessing = 0;
			shellPath = /bin/sh;
			shellScript = "diff \"${PODS_ROOT}/../Podfile.lock\" \"${PODS_ROOT}/Manifest.lock\" > /dev/null\nif [[ $? != 0 ]] ; then\n    cat << EOM\nerror: The sandbox is not in sync with the Podfile.lock. Run 'pod install' or update your CocoaPods installation.\nEOM\n    exit 1\nfi\n";
			showEnvVarsInLog = 0;
		};
/* End PBXShellScriptBuildPhase section */

/* Begin PBXSourcesBuildPhase section */
		FB19A9541E8B925E00EED21E /* Sources */ = {
			isa = PBXSourcesBuildPhase;
			buildActionMask = 2147483647;
			files = (
				FB19A9631E8B925F00EED21E /* ViewController.m in Sources */,
				FB19A9601E8B925F00EED21E /* AppDelegate.m in Sources */,
				FB19A95D1E8B925E00EED21E /* main.m in Sources */,
				FB19A9761E8B932000EED21E /* Model.xcdatamodeld in Sources */,
			);
			runOnlyForDeploymentPostprocessing = 0;
		};
/* End PBXSourcesBuildPhase section */

/* Begin PBXVariantGroup section */
		FB19A9641E8B925F00EED21E /* Main.storyboard */ = {
			isa = PBXVariantGroup;
			children = (
				FB19A9651E8B925F00EED21E /* Base */,
			);
			name = Main.storyboard;
			sourceTree = "<group>";
		};
		FB19A9691E8B925F00EED21E /* LaunchScreen.storyboard */ = {
			isa = PBXVariantGroup;
			children = (
				FB19A96A1E8B925F00EED21E /* Base */,
			);
			name = LaunchScreen.storyboard;
			sourceTree = "<group>";
		};
/* End PBXVariantGroup section */

/* Begin XCBuildConfiguration section */
		FB19A96D1E8B925F00EED21E /* Debug */ = {
			isa = XCBuildConfiguration;
			buildSettings = {
				ALWAYS_SEARCH_USER_PATHS = NO;
				CLANG_ANALYZER_NONNULL = YES;
				CLANG_CXX_LANGUAGE_STANDARD = "gnu++0x";
				CLANG_CXX_LIBRARY = "libc++";
				CLANG_ENABLE_MODULES = YES;
				CLANG_ENABLE_OBJC_ARC = YES;
				CLANG_WARN_BOOL_CONVERSION = YES;
				CLANG_WARN_CONSTANT_CONVERSION = YES;
				CLANG_WARN_DIRECT_OBJC_ISA_USAGE = YES_ERROR;
				CLANG_WARN_DOCUMENTATION_COMMENTS = YES;
				CLANG_WARN_EMPTY_BODY = YES;
				CLANG_WARN_ENUM_CONVERSION = YES;
				CLANG_WARN_INFINITE_RECURSION = YES;
				CLANG_WARN_INT_CONVERSION = YES;
				CLANG_WARN_OBJC_ROOT_CLASS = YES_ERROR;
				CLANG_WARN_SUSPICIOUS_MOVE = YES;
				CLANG_WARN_UNREACHABLE_CODE = YES;
				CLANG_WARN__DUPLICATE_METHOD_MATCH = YES;
				"CODE_SIGN_IDENTITY[sdk=iphoneos*]" = "iPhone Developer";
				COPY_PHASE_STRIP = NO;
				DEBUG_INFORMATION_FORMAT = dwarf;
				ENABLE_STRICT_OBJC_MSGSEND = YES;
				ENABLE_TESTABILITY = YES;
				GCC_C_LANGUAGE_STANDARD = gnu99;
				GCC_DYNAMIC_NO_PIC = NO;
				GCC_NO_COMMON_BLOCKS = YES;
				GCC_OPTIMIZATION_LEVEL = 0;
				GCC_PREPROCESSOR_DEFINITIONS = (
					"DEBUG=1",
					"$(inherited)",
				);
				GCC_WARN_64_TO_32_BIT_CONVERSION = YES;
				GCC_WARN_ABOUT_RETURN_TYPE = YES_ERROR;
				GCC_WARN_UNDECLARED_SELECTOR = YES;
				GCC_WARN_UNINITIALIZED_AUTOS = YES_AGGRESSIVE;
				GCC_WARN_UNUSED_FUNCTION = YES;
				GCC_WARN_UNUSED_VARIABLE = YES;
				IPHONEOS_DEPLOYMENT_TARGET = 10.2;
				MTL_ENABLE_DEBUG_INFO = YES;
				ONLY_ACTIVE_ARCH = YES;
				SDKROOT = iphoneos;
			};
			name = Debug;
		};
		FB19A96E1E8B925F00EED21E /* Release */ = {
			isa = XCBuildConfiguration;
			buildSettings = {
				ALWAYS_SEARCH_USER_PATHS = NO;
				CLANG_ANALYZER_NONNULL = YES;
				CLANG_CXX_LANGUAGE_STANDARD = "gnu++0x";
				CLANG_CXX_LIBRARY = "libc++";
				CLANG_ENABLE_MODULES = YES;
				CLANG_ENABLE_OBJC_ARC = YES;
				CLANG_WARN_BOOL_CONVERSION = YES;
				CLANG_WARN_CONSTANT_CONVERSION = YES;
				CLANG_WARN_DIRECT_OBJC_ISA_USAGE = YES_ERROR;
				CLANG_WARN_DOCUMENTATION_COMMENTS = YES;
				CLANG_WARN_EMPTY_BODY = YES;
				CLANG_WARN_ENUM_CONVERSION = YES;
				CLANG_WARN_INFINITE_RECURSION = YES;
				CLANG_WARN_INT_CONVERSION = YES;
				CLANG_WARN_OBJC_ROOT_CLASS = YES_ERROR;
				CLANG_WARN_SUSPICIOUS_MOVE = YES;
				CLANG_WARN_UNREACHABLE_CODE = YES;
				CLANG_WARN__DUPLICATE_METHOD_MATCH = YES;
				"CODE_SIGN_IDENTITY[sdk=iphoneos*]" = "iPhone Developer";
				COPY_PHASE_STRIP = NO;
				DEBUG_INFORMATION_FORMAT = "dwarf-with-dsym";
				ENABLE_NS_ASSERTIONS = NO;
				ENABLE_STRICT_OBJC_MSGSEND = YES;
				GCC_C_LANGUAGE_STANDARD = gnu99;
				GCC_NO_COMMON_BLOCKS = YES;
				GCC_WARN_64_TO_32_BIT_CONVERSION = YES;
				GCC_WARN_ABOUT_RETURN_TYPE = YES_ERROR;
				GCC_WARN_UNDECLARED_SELECTOR = YES;
				GCC_WARN_UNINITIALIZED_AUTOS = YES_AGGRESSIVE;
				GCC_WARN_UNUSED_FUNCTION = YES;
				GCC_WARN_UNUSED_VARIABLE = YES;
				IPHONEOS_DEPLOYMENT_TARGET = 10.2;
				MTL_ENABLE_DEBUG_INFO = NO;
				SDKROOT = iphoneos;
				VALIDATE_PRODUCT = YES;
			};
			name = Release;
		};
		FB19A9701E8B925F00EED21E /* Debug */ = {
			isa = XCBuildConfiguration;
			baseConfigurationReference = 45A39A8F1D03BB2759463C73 /* Pods-MagicalRecord_basic.debug.xcconfig */;
			buildSettings = {
				ASSETCATALOG_COMPILER_APPICON_NAME = AppIcon;
				DEVELOPMENT_TEAM = DM7XAFH5UF;
				INFOPLIST_FILE = MagicalRecord_basic/Info.plist;
				LD_RUNPATH_SEARCH_PATHS = "$(inherited) @executable_path/Frameworks";
				PRODUCT_BUNDLE_IDENTIFIER = "com.donlinks.MagicalRecord-basic";
				PRODUCT_NAME = "$(TARGET_NAME)";
			};
			name = Debug;
		};
		FB19A9711E8B925F00EED21E /* Release */ = {
			isa = XCBuildConfiguration;
			baseConfigurationReference = 310AC1EFDD90E55346960343 /* Pods-MagicalRecord_basic.release.xcconfig */;
			buildSettings = {
				ASSETCATALOG_COMPILER_APPICON_NAME = AppIcon;
				DEVELOPMENT_TEAM = DM7XAFH5UF;
				INFOPLIST_FILE = MagicalRecord_basic/Info.plist;
				LD_RUNPATH_SEARCH_PATHS = "$(inherited) @executable_path/Frameworks";
				PRODUCT_BUNDLE_IDENTIFIER = "com.donlinks.MagicalRecord-basic";
				PRODUCT_NAME = "$(TARGET_NAME)";
			};
			name = Release;
		};
/* End XCBuildConfiguration section */

/* Begin XCConfigurationList section */
		FB19A9531E8B925E00EED21E /* Build configuration list for PBXProject "MagicalRecord_basic" */ = {
			isa = XCConfigurationList;
			buildConfigurations = (
				FB19A96D1E8B925F00EED21E /* Debug */,
				FB19A96E1E8B925F00EED21E /* Release */,
			);
			defaultConfigurationIsVisible = 0;
			defaultConfigurationName = Release;
		};
		FB19A96F1E8B925F00EED21E /* Build configuration list for PBXNativeTarget "MagicalRecord_basic" */ = {
			isa = XCConfigurationList;
			buildConfigurations = (
				FB19A9701E8B925F00EED21E /* Debug */,
				FB19A9711E8B925F00EED21E /* Release */,
			);
			defaultConfigurationIsVisible = 0;
			defaultConfigurationName = Release;
		};
/* End XCConfigurationList section */

/* Begin XCVersionGroup section */
		FB19A9741E8B932000EED21E /* Model.xcdatamodeld */ = {
			isa = XCVersionGroup;
			children = (
				FB19A9751E8B932000EED21E /* Model.xcdatamodel */,
			);
			currentVersion = FB19A9751E8B932000EED21E /* Model.xcdatamodel */;
			path = Model.xcdatamodeld;
			sourceTree = "<group>";
			versionGroupType = wrapper.xcdatamodel;
		};
/* End XCVersionGroup section */
	};
	rootObject = FB19A9501E8B925E00EED21E /* Project object */;
}
